// !$*UTF8*$!
{
	archiveVersion = 1;
	classes = {
	};
	objectVersion = 46;
	objects = {

/* Begin PBXBuildFile section */
		23E2E5451EF44C2B008235BC /* AppDelegate.swift in Sources */ = {isa = PBXBuildFile; fileRef = 23E2E5441EF44C2B008235BC /* AppDelegate.swift */; };
		23E2E5471EF44C2B008235BC /* ViewController.swift in Sources */ = {isa = PBXBuildFile; fileRef = 23E2E5461EF44C2B008235BC /* ViewController.swift */; };
		23E2E54A1EF44C2B008235BC /* Main.storyboard in Resources */ = {isa = PBXBuildFile; fileRef = 23E2E5481EF44C2B008235BC /* Main.storyboard */; };
		23E2E54C1EF44C2B008235BC /* Assets.xcassets in Resources */ = {isa = PBXBuildFile; fileRef = 23E2E54B1EF44C2B008235BC /* Assets.xcassets */; };
		23E2E54F1EF44C2B008235BC /* LaunchScreen.storyboard in Resources */ = {isa = PBXBuildFile; fileRef = 23E2E54D1EF44C2B008235BC /* LaunchScreen.storyboard */; };
/* End PBXBuildFile section */

/* Begin PBXFileReference section */
		23E2E5411EF44C2B008235BC /* auto-layout-estudo.app */ = {isa = PBXFileReference; explicitFileType = wrapper.application; includeInIndex = 0; path = "auto-layout-estudo.app"; sourceTree = BUILT_PRODUCTS_DIR; };
		23E2E5441EF44C2B008235BC /* AppDelegate.swift */ = {isa = PBXFileReference; lastKnownFileType = sourcecode.swift; path = AppDelegate.swift; sourceTree = "<group>"; };
		23E2E5461EF44C2B008235BC /* ViewController.swift */ = {isa = PBXFileReference; lastKnownFileType = sourcecode.swift; path = ViewController.swift; sourceTree = "<group>"; };
		23E2E5491EF44C2B008235BC /* Base */ = {isa = PBXFileReference; lastKnownFileType = file.storyboard; name = Base; path = Base.lproj/Main.storyboard; sourceTree = "<group>"; };
		23E2E54B1EF44C2B008235BC /* Assets.xcassets */ = {isa = PBXFileReference; lastKnownFileType = folder.assetcatalog; path = Assets.xcassets; sourceTree = "<group>"; };
		23E2E54E1EF44C2B008235BC /* Base */ = {isa = PBXFileReference; lastKnownFileType = file.storyboard; name = Base; path = Base.lproj/LaunchScreen.storyboard; sourceTree = "<group>"; };
		23E2E5501EF44C2B008235BC /* Info.plist */ = {isa = PBXFileReference; lastKnownFileType = text.plist.xml; path = Info.plist; sourceTree = "<group>"; };
/* End PBXFileReference section */

/* Begin PBXFrameworksBuildPhase section */
		23E2E53E1EF44C2B008235BC /* Frameworks */ = {
			isa = PBXFrameworksBuildPhase;
			buildActionMask = 2147483647;
			files = (
			);
			runOnlyForDeploymentPostprocessing = 0;
		};
/* End PBXFrameworksBuildPhase section */

/* Begin PBXGroup section */
		23E2E5381EF44C2B008235BC = {
			isa = PBXGroup;
			children = (
				23E2E5431EF44C2B008235BC /* auto-layout-estudo */,
				23E2E5421EF44C2B008235BC /* Products */,
			);
			sourceTree = "<group>";
		};
		23E2E5421EF44C2B008235BC /* Products */ = {
			isa = PBXGroup;
			children = (
				23E2E5411EF44C2B008235BC /* auto-layout-estudo.app */,
			);
			name = Products;
			sourceTree = "<group>";
		};
		23E2E5431EF44C2B008235BC /* auto-layout-estudo */ = {
			isa = PBXGroup;
			children = (
				23E2E5441EF44C2B008235BC /* AppDelegate.swift */,
				23E2E5461EF44C2B008235BC /* ViewController.swift */,
				23E2E5481EF44C2B008235BC /* Main.storyboard */,
				23E2E54B1EF44C2B008235BC /* Assets.xcassets */,
				23E2E54D1EF44C2B008235BC /* LaunchScreen.storyboard */,
				23E2E5501EF44C2B008235BC /* Info.plist */,
			);
			path = "auto-layout-estudo";
			sourceTree = "<group>";
		};
/* End PBXGroup section */

/* Begin PBXNativeTarget section */
		23E2E5401EF44C2B008235BC /* auto-layout-estudo */ = {
			isa = PBXNativeTarget;
			buildConfigurationList = 23E2E5531EF44C2B008235BC /* Build configuration list for PBXNativeTarget "auto-layout-estudo" */;
			buildPhases = (
				23E2E53D1EF44C2B008235BC /* Sources */,
				23E2E53E1EF44C2B008235BC /* Frameworks */,
				23E2E53F1EF44C2B008235BC /* Resources */,
			);
			buildRules = (
			);
			dependencies = (
			);
			name = "auto-layout-estudo";
			productName = "auto-layout-estudo";
			productReference = 23E2E5411EF44C2B008235BC /* auto-layout-estudo.app */;
			productType = "com.apple.product-type.application";
		};
/* End PBXNativeTarget section */

/* Begin PBXProject section */
		23E2E5391EF44C2B008235BC /* Project object */ = {
			isa = PBXProject;
			attributes = {
				LastSwiftUpdateCheck = 0810;
				LastUpgradeCheck = 0810;
				ORGANIZATIONNAME = "Adalberto Fernandes Junior";
				TargetAttributes = {
					23E2E5401EF44C2B008235BC = {
						CreatedOnToolsVersion = 8.1;
						ProvisioningStyle = Automatic;
					};
				};
			};
			buildConfigurationList = 23E2E53C1EF44C2B008235BC /* Build configuration list for PBXProject "auto-layout-estudo" */;
			compatibilityVersion = "Xcode 3.2";
			developmentRegion = English;
			hasScannedForEncodings = 0;
			knownRegions = (
				en,
				Base,
			);
			mainGroup = 23E2E5381EF44C2B008235BC;
			productRefGroup = 23E2E5421EF44C2B008235BC /* Products */;
			projectDirPath = "";
			projectRoot = "";
			targets = (
				23E2E5401EF44C2B008235BC /* auto-layout-estudo */,
			);
		};
/* End PBXProject section */

/* Begin PBXResourcesBuildPhase section */
		23E2E53F1EF44C2B008235BC /* Resources */ = {
			isa = PBXResourcesBuildPhase;
			buildActionMask = 2147483647;
			files = (
				23E2E54F1EF44C2B008235BC /* LaunchScreen.storyboard in Resources */,
				23E2E54C1EF44C2B008235BC /* Assets.xcassets in Resources */,
				23E2E54A1EF44C2B008235BC /* Main.storyboard in Resources */,
			);
			runOnlyForDeploymentPostprocessing = 0;
		};
/* End PBXResourcesBuildPhase section */

/* Begin PBXSourcesBuildPhase section */
		23E2E53D1EF44C2B008235BC /* Sources */ = {
			isa = PBXSourcesBuildPhase;
			buildActionMask = 2147483647;
			files = (
				23E2E5471EF44C2B008235BC /* ViewController.swift in Sources */,
				23E2E5451EF44C2B008235BC /* AppDelegate.swift in Sources */,
			);
			runOnlyForDeploymentPostprocessing = 0;
		};
/* End PBXSourcesBuildPhase section */

/* Begin PBXVariantGroup section */
		23E2E5481EF44C2B008235BC /* Main.storyboard */ = {
			isa = PBXVariantGroup;
			children = (
				23E2E5491EF44C2B008235BC /* Base */,
			);
			name = Main.storyboard;
			sourceTree = "<group>";
		};
		23E2E54D1EF44C2B008235BC /* LaunchScreen.storyboard */ = {
			isa = PBXVariantGroup;
			children = (
				23E2E54E1EF44C2B008235BC /* Base */,
			);
			name = LaunchScreen.storyboard;
			sourceTree = "<group>";
		};
/* End PBXVariantGroup section */

/* Begin XCBuildConfiguration section */
		23E2E5511EF44C2B008235BC /* Debug */ = {
			isa = XCBuildConfiguration;
			buildSettings = {
				ALWAYS_SEARCH_USER_PATHS = NO;
				CLANG_ANALYZER_NONNULL = YES;
				CLANG_CXX_LANGUAGE_STANDARD = "gnu++0x";
				CLANG_CXX_LIBRARY = "libc++";
				CLANG_ENABLE_MODULES = YES;
				CLANG_ENABLE_OBJC_ARC = YES;
				CLANG_WARN_BOOL_CONVERSION = YES;
				CLANG_WARN_CONSTANT_CONVERSION = YES;
				CLANG_WARN_DIRECT_OBJC_ISA_USAGE = YES_ERROR;
				CLANG_WARN_DOCUMENTATION_COMMENTS = YES;
				CLANG_WARN_EMPTY_BODY = YES;
				CLANG_WARN_ENUM_CONVERSION = YES;
				CLANG_WARN_INFINITE_RECURSION = YES;
				CLANG_WARN_INT_CONVERSION = YES;
				CLANG_WARN_OBJC_ROOT_CLASS = YES_ERROR;
				CLANG_WARN_SUSPICIOUS_MOVES = YES;
				CLANG_WARN_UNREACHABLE_CODE = YES;
				CLANG_WARN__DUPLICATE_METHOD_MATCH = YES;
				"CODE_SIGN_IDENTITY[sdk=iphoneos*]" = "iPhone Developer";
				COPY_PHASE_STRIP = NO;
				DEBUG_INFORMATION_FORMAT = dwarf;
				ENABLE_STRICT_OBJC_MSGSEND = YES;
				ENABLE_TESTABILITY = YES;
				GCC_C_LANGUAGE_STANDARD = gnu99;
				GCC_DYNAMIC_NO_PIC = NO;
				GCC_NO_COMMON_BLOCKS = YES;
				GCC_OPTIMIZATION_LEVEL = 0;
				GCC_PREPROCESSOR_DEFINITIONS = (
					"DEBUG=1",
					"$(inherited)",
				);
				GCC_WARN_64_TO_32_BIT_CONVERSION = YES;
				GCC_WARN_ABOUT_RETURN_TYPE = YES_ERROR;
				GCC_WARN_UNDECLARED_SELECTOR = YES;
				GCC_WARN_UNINITIALIZED_AUTOS = YES_AGGRESSIVE;
				GCC_WARN_UNUSED_FUNCTION = YES;
				GCC_WARN_UNUSED_VARIABLE = YES;
				IPHONEOS_DEPLOYMENT_TARGET = 10.1;
				MTL_ENABLE_DEBUG_INFO = YES;
				ONLY_ACTIVE_ARCH = YES;
				SDKROOT = iphoneos;
				SWIFT_ACTIVE_COMPILATION_CONDITIONS = DEBUG;
				SWIFT_OPTIMIZATION_LEVEL = "-Onone";
				TARGETED_DEVICE_FAMILY = "1,2";
			};
			name = Debug;
		};
		23E2E5521EF44C2B008235BC /* Release */ = {
			isa = XCBuildConfiguration;
			buildSettings = {
				ALWAYS_SEARCH_USER_PATHS = NO;
				CLANG_ANALYZER_NONNULL = YES;
				CLANG_CXX_LANGUAGE_STANDARD = "gnu++0x";
				CLANG_CXX_LIBRARY = "libc++";
				CLANG_ENABLE_MODULES = YES;
				CLANG_ENABLE_OBJC_ARC = YES;
				CLANG_WARN_BOOL_CONVERSION = YES;
				CLANG_WARN_CONSTANT_CONVERSION = YES;
				CLANG_WARN_DIRECT_OBJC_ISA_USAGE = YES_ERROR;
				CLANG_WARN_DOCUMENTATION_COMMENTS = YES;
				CLANG_WARN_EMPTY_BODY = YES;
				CLANG_WARN_ENUM_CONVERSION = YES;
				CLANG_WARN_INFINITE_RECURSION = YES;
				CLANG_WARN_INT_CONVERSION = YES;
				CLANG_WARN_OBJC_ROOT_CLASS = YES_ERROR;
				CLANG_WARN_SUSPICIOUS_MOVES = YES;
				CLANG_WARN_UNREACHABLE_CODE = YES;
				CLANG_WARN__DUPLICATE_METHOD_MATCH = YES;
				"CODE_SIGN_IDENTITY[sdk=iphoneos*]" = "iPhone Developer";
				COPY_PHASE_STRIP = NO;
				DEBUG_INFORMATION_FORMAT = "dwarf-with-dsym";
				ENABLE_NS_ASSERTIONS = NO;
				ENABLE_STRICT_OBJC_MSGSEND = YES;
				GCC_C_LANGUAGE_STANDARD = gnu99;
				GCC_NO_COMMON_BLOCKS = YES;
				GCC_WARN_64_TO_32_BIT_CONVERSION = YES;
				GCC_WARN_ABOUT_RETURN_TYPE = YES_ERROR;
				GCC_WARN_UNDECLARED_SELECTOR = YES;
				GCC_WARN_UNINITIALIZED_AUTOS = YES_AGGRESSIVE;
				GCC_WARN_UNUSED_FUNCTION = YES;
				GCC_WARN_UNUSED_VARIABLE = YES;
				IPHONEOS_DEPLOYMENT_TARGET = 10.1;
				MTL_ENABLE_DEBUG_INFO = NO;
				SDKROOT = iphoneos;
				SWIFT_OPTIMIZATION_LEVEL = "-Owholemodule";
				TARGETED_DEVICE_FAMILY = "1,2";
				VALIDATE_PRODUCT = YES;
			};
			name = Release;
		};
		23E2E5541EF44C2B008235BC /* Debug */ = {
			isa = XCBuildConfiguration;
			buildSettings = {
				ASSETCATALOG_COMPILER_APPICON_NAME = AppIcon;
				INFOPLIST_FILE = "auto-layout-estudo/Info.plist";
				LD_RUNPATH_SEARCH_PATHS = "$(inherited) @executable_path/Frameworks";
				PRODUCT_BUNDLE_IDENTIFIER = "br.com.adalbertofjr.auto-layout-estudo";
				PRODUCT_NAME = "$(TARGET_NAME)";
				SWIFT_VERSION = 3.0;
			};
			name = Debug;
		};
		23E2E5551EF44C2B008235BC /* Release */ = {
			isa = XCBuildConfiguration;
			buildSettings = {
				ASSETCATALOG_COMPILER_APPICON_NAME = AppIcon;
				INFOPLIST_FILE = "auto-layout-estudo/Info.plist";
				LD_RUNPATH_SEARCH_PATHS = "$(inherited) @executable_path/Frameworks";
				PRODUCT_BUNDLE_IDENTIFIER = "br.com.adalbertofjr.auto-layout-estudo";
				PRODUCT_NAME = "$(TARGET_NAME)";
				SWIFT_VERSION = 3.0;
			};
			name = Release;
		};
/* End XCBuildConfiguration section */

/* Begin XCConfigurationList section */
		23E2E53C1EF44C2B008235BC /* Build configuration list for PBXProject "auto-layout-estudo" */ = {
			isa = XCConfigurationList;
			buildConfigurations = (
				23E2E5511EF44C2B008235BC /* Debug */,
				23E2E5521EF44C2B008235BC /* Release */,
			);
			defaultConfigurationIsVisible = 0;
			defaultConfigurationName = Release;
		};
		23E2E5531EF44C2B008235BC /* Build configuration list for PBXNativeTarget "auto-layout-estudo" */ = {
			isa = XCConfigurationList;
			buildConfigurations = (
				23E2E5541EF44C2B008235BC /* Debug */,
				23E2E5551EF44C2B008235BC /* Release */,
			);
			defaultConfigurationIsVisible = 0;
		};
/* End XCConfigurationList section */
	};
	rootObject = 23E2E5391EF44C2B008235BC /* Project object */;
}
